
Microsoft Visual Studio Solution File, Format Version 10.00
# Visual Studio 2008
Project("{FAE04EC0-301F-11D3-BF4B-00C04F79EFBC}") = "UsbConsole", "UsbConsole\UsbConsole.csproj", "{1EFC4CC0-9031-4022-AF89-CB24AFD07D63}"
EndProject
Project("{FAE04EC0-301F-11D3-BF4B-00C04F79EFBC}") = "DataPlotter", "DataPlotter\DataPlotter.csproj", "{1AB867DF-626C-4E30-903D-BE96915F08BA}"
EndProject
Global
	GlobalSection(SolutionConfigurationPlatforms) = preSolution
		Debug|Any CPU = Debug|Any CPU
		Release|Any CPU = Release|Any CPU
	EndGlobalSection
	GlobalSection(ProjectConfigurationPlatforms) = postSolution
		{1EFC4CC0-9031-4022-AF89-CB24AFD07D63}.Debug|Any CPU.ActiveCfg = Debug|Any CPU
		{1EFC4CC0-9031-4022-AF89-CB24AFD07D63}.Debug|Any CPU.Build.0 = Debug|Any CPU
		{1EFC4CC0-9031-4022-AF89-CB24AFD07D63}.Release|Any CPU.ActiveCfg = Release|Any CPU
		{1EFC4CC0-9031-4022-AF89-CB24AFD07D63}.Release|Any CPU.Build.0 = Release|Any CPU
		{1AB867DF-626C-4E30-903D-BE96915F08BA}.Debug|Any CPU.ActiveCfg = Debug|Any CPU
		{1AB867DF-626C-4E30-903D-BE96915F08BA}.Debug|Any CPU.Build.0 = Debug|Any CPU
		{1AB867DF-626C-4E30-903D-BE96915F08BA}.Release|Any CPU.ActiveCfg = Release|Any CPU
		{1AB867DF-626C-4E30-903D-BE96915F08BA}.Release|Any CPU.Build.0 = Release|Any CPU
	EndGlobalSection
	GlobalSection(SolutionProperties) = preSolution
		HideSolutionNode = FALSE
	EndGlobalSection
EndGlobal
